
Microsoft Visual Studio Solution File, Format Version 12.00
# Visual Studio Version 17
VisualStudioVersion = 17.0.31903.59
MinimumVisualStudioVersion = 10.0.40219.1
Project("{2150E333-8FDC-42A3-9474-1A3956D46DE8}") = "1", "1", "{15093021-6CA5-42DC-8E3A-60F8620D4368}"
EndProject
Project("{FAE04EC0-301F-11D3-BF4B-00C04F79EFBC}") = "Calibrator", "1\Calibrator\Calibrator.csproj", "{92AFB8DE-3EE8-449F-8E30-AB3542FB14AF}"
EndProject
Project("{FAE04EC0-301F-11D3-BF4B-00C04F79EFBC}") = "Calibrator.Tests", "1\Calibrator.Tests\Calibrator.Tests.csproj", "{6123C6BF-3A05-44C1-ACC8-549692A17B92}"
EndProject
Global
	GlobalSection(SolutionConfigurationPlatforms) = preSolution
		Debug|Any CPU = Debug|Any CPU
		Release|Any CPU = Release|Any CPU
	EndGlobalSection
	GlobalSection(SolutionProperties) = preSolution
		HideSolutionNode = FALSE
	EndGlobalSection
	GlobalSection(ProjectConfigurationPlatforms) = postSolution
		{92AFB8DE-3EE8-449F-8E30-AB3542FB14AF}.Debug|Any CPU.ActiveCfg = Debug|Any CPU
		{92AFB8DE-3EE8-449F-8E30-AB3542FB14AF}.Debug|Any CPU.Build.0 = Debug|Any CPU
		{92AFB8DE-3EE8-449F-8E30-AB3542FB14AF}.Release|Any CPU.ActiveCfg = Release|Any CPU
		{92AFB8DE-3EE8-449F-8E30-AB3542FB14AF}.Release|Any CPU.Build.0 = Release|Any CPU
		{6123C6BF-3A05-44C1-ACC8-549692A17B92}.Debug|Any CPU.ActiveCfg = Debug|Any CPU
		{6123C6BF-3A05-44C1-ACC8-549692A17B92}.Debug|Any CPU.Build.0 = Debug|Any CPU
		{6123C6BF-3A05-44C1-ACC8-549692A17B92}.Release|Any CPU.ActiveCfg = Release|Any CPU
		{6123C6BF-3A05-44C1-ACC8-549692A17B92}.Release|Any CPU.Build.0 = Release|Any CPU
	EndGlobalSection
	GlobalSection(NestedProjects) = preSolution
		{92AFB8DE-3EE8-449F-8E30-AB3542FB14AF} = {15093021-6CA5-42DC-8E3A-60F8620D4368}
		{6123C6BF-3A05-44C1-ACC8-549692A17B92} = {15093021-6CA5-42DC-8E3A-60F8620D4368}
	EndGlobalSection
EndGlobal
